
Microsoft Visual Studio Solution File, Format Version 12.00
# Visual Studio Version 16
VisualStudioVersion = 16.0.31129.286
MinimumVisualStudioVersion = 10.0.40219.1
Project("{FAE04EC0-301F-11D3-BF4B-00C04F79EFBC}") = "WebApiApplication", "WebApiApplication\WebApiApplication.csproj", "{42FDB734-EE3B-469C-9E0B-153BA81A4FD1}"
EndProject
Project("{FAE04EC0-301F-11D3-BF4B-00C04F79EFBC}") = "WebAspApplication", "WebAspApplication\WebAspApplication.csproj", "{0CE828DC-A2F9-4E72-9D0E-267884628F1E}"
EndProject
Project("{FAE04EC0-301F-11D3-BF4B-00C04F79EFBC}") = "MobileApp.Android", "MobileApp\MobileApp.Android\MobileApp.Android.csproj", "{88DB333F-299B-410E-ABF0-EE0D17235AA6}"
EndProject
Project("{FAE04EC0-301F-11D3-BF4B-00C04F79EFBC}") = "MobileApp.iOS", "MobileApp\MobileApp.iOS\MobileApp.iOS.csproj", "{7FC52517-0E99-44AC-B679-F239E229ADBD}"
EndProject
Project("{FAE04EC0-301F-11D3-BF4B-00C04F79EFBC}") = "MobileApp", "MobileApp\MobileApp\MobileApp.csproj", "{731B6BD6-0B8B-4E13-8106-18B2040372A2}"
EndProject
Global
	GlobalSection(SolutionConfigurationPlatforms) = preSolution
		Debug|Any CPU = Debug|Any CPU
		Debug|iPhone = Debug|iPhone
		Debug|iPhoneSimulator = Debug|iPhoneSimulator
		Release|Any CPU = Release|Any CPU
		Release|iPhone = Release|iPhone
		Release|iPhoneSimulator = Release|iPhoneSimulator
	EndGlobalSection
	GlobalSection(ProjectConfigurationPlatforms) = postSolution
		{42FDB734-EE3B-469C-9E0B-153BA81A4FD1}.Debug|Any CPU.ActiveCfg = Debug|Any CPU
		{42FDB734-EE3B-469C-9E0B-153BA81A4FD1}.Debug|Any CPU.Build.0 = Debug|Any CPU
		{42FDB734-EE3B-469C-9E0B-153BA81A4FD1}.Debug|iPhone.ActiveCfg = Debug|Any CPU
		{42FDB734-EE3B-469C-9E0B-153BA81A4FD1}.Debug|iPhone.Build.0 = Debug|Any CPU
		{42FDB734-EE3B-469C-9E0B-153BA81A4FD1}.Debug|iPhoneSimulator.ActiveCfg = Debug|Any CPU
		{42FDB734-EE3B-469C-9E0B-153BA81A4FD1}.Debug|iPhoneSimulator.Build.0 = Debug|Any CPU
		{42FDB734-EE3B-469C-9E0B-153BA81A4FD1}.Release|Any CPU.ActiveCfg = Release|Any CPU
		{42FDB734-EE3B-469C-9E0B-153BA81A4FD1}.Release|Any CPU.Build.0 = Release|Any CPU
		{42FDB734-EE3B-469C-9E0B-153BA81A4FD1}.Release|iPhone.ActiveCfg = Release|Any CPU
		{42FDB734-EE3B-469C-9E0B-153BA81A4FD1}.Release|iPhone.Build.0 = Release|Any CPU
		{42FDB734-EE3B-469C-9E0B-153BA81A4FD1}.Release|iPhoneSimulator.ActiveCfg = Release|Any CPU
		{42FDB734-EE3B-469C-9E0B-153BA81A4FD1}.Release|iPhoneSimulator.Build.0 = Release|Any CPU
		{0CE828DC-A2F9-4E72-9D0E-267884628F1E}.Debug|Any CPU.ActiveCfg = Debug|Any CPU
		{0CE828DC-A2F9-4E72-9D0E-267884628F1E}.Debug|Any CPU.Build.0 = Debug|Any CPU
		{0CE828DC-A2F9-4E72-9D0E-267884628F1E}.Debug|iPhone.ActiveCfg = Debug|Any CPU
		{0CE828DC-A2F9-4E72-9D0E-267884628F1E}.Debug|iPhone.Build.0 = Debug|Any CPU
		{0CE828DC-A2F9-4E72-9D0E-267884628F1E}.Debug|iPhoneSimulator.ActiveCfg = Debug|Any CPU
		{0CE828DC-A2F9-4E72-9D0E-267884628F1E}.Debug|iPhoneSimulator.Build.0 = Debug|Any CPU
		{0CE828DC-A2F9-4E72-9D0E-267884628F1E}.Release|Any CPU.ActiveCfg = Release|Any CPU
		{0CE828DC-A2F9-4E72-9D0E-267884628F1E}.Release|Any CPU.Build.0 = Release|Any CPU
		{0CE828DC-A2F9-4E72-9D0E-267884628F1E}.Release|iPhone.ActiveCfg = Release|Any CPU
		{0CE828DC-A2F9-4E72-9D0E-267884628F1E}.Release|iPhone.Build.0 = Release|Any CPU
		{0CE828DC-A2F9-4E72-9D0E-267884628F1E}.Release|iPhoneSimulator.ActiveCfg = Release|Any CPU
		{0CE828DC-A2F9-4E72-9D0E-267884628F1E}.Release|iPhoneSimulator.Build.0 = Release|Any CPU
		{88DB333F-299B-410E-ABF0-EE0D17235AA6}.Debug|Any CPU.ActiveCfg = Debug|Any CPU
		{88DB333F-299B-410E-ABF0-EE0D17235AA6}.Debug|Any CPU.Build.0 = Debug|Any CPU
		{88DB333F-299B-410E-ABF0-EE0D17235AA6}.Debug|Any CPU.Deploy.0 = Debug|Any CPU
		{88DB333F-299B-410E-ABF0-EE0D17235AA6}.Debug|iPhone.ActiveCfg = Debug|Any CPU
		{88DB333F-299B-410E-ABF0-EE0D17235AA6}.Debug|iPhone.Build.0 = Debug|Any CPU
		{88DB333F-299B-410E-ABF0-EE0D17235AA6}.Debug|iPhone.Deploy.0 = Debug|Any CPU
		{88DB333F-299B-410E-ABF0-EE0D17235AA6}.Debug|iPhoneSimulator.ActiveCfg = Debug|Any CPU
		{88DB333F-299B-410E-ABF0-EE0D17235AA6}.Debug|iPhoneSimulator.Build.0 = Debug|Any CPU
		{88DB333F-299B-410E-ABF0-EE0D17235AA6}.Debug|iPhoneSimulator.Deploy.0 = Debug|Any CPU
		{88DB333F-299B-410E-ABF0-EE0D17235AA6}.Release|Any CPU.ActiveCfg = Release|Any CPU
		{88DB333F-299B-410E-ABF0-EE0D17235AA6}.Release|Any CPU.Build.0 = Release|Any CPU
		{88DB333F-299B-410E-ABF0-EE0D17235AA6}.Release|Any CPU.Deploy.0 = Release|Any CPU
		{88DB333F-299B-410E-ABF0-EE0D17235AA6}.Release|iPhone.ActiveCfg = Release|Any CPU
		{88DB333F-299B-410E-ABF0-EE0D17235AA6}.Release|iPhone.Build.0 = Release|Any CPU
		{88DB333F-299B-410E-ABF0-EE0D17235AA6}.Release|iPhone.Deploy.0 = Release|Any CPU
		{88DB333F-299B-410E-ABF0-EE0D17235AA6}.Release|iPhoneSimulator.ActiveCfg = Release|Any CPU
		{88DB333F-299B-410E-ABF0-EE0D17235AA6}.Release|iPhoneSimulator.Build.0 = Release|Any CPU
		{88DB333F-299B-410E-ABF0-EE0D17235AA6}.Release|iPhoneSimulator.Deploy.0 = Release|Any CPU
		{7FC52517-0E99-44AC-B679-F239E229ADBD}.Debug|Any CPU.ActiveCfg = Debug|iPhoneSimulator
		{7FC52517-0E99-44AC-B679-F239E229ADBD}.Debug|iPhone.ActiveCfg = Debug|iPhone
		{7FC52517-0E99-44AC-B679-F239E229ADBD}.Debug|iPhone.Build.0 = Debug|iPhone
		{7FC52517-0E99-44AC-B679-F239E229ADBD}.Debug|iPhoneSimulator.ActiveCfg = Debug|iPhoneSimulator
		{7FC52517-0E99-44AC-B679-F239E229ADBD}.Debug|iPhoneSimulator.Build.0 = Debug|iPhoneSimulator
		{7FC52517-0E99-44AC-B679-F239E229ADBD}.Release|Any CPU.ActiveCfg = Release|iPhoneSimulator
		{7FC52517-0E99-44AC-B679-F239E229ADBD}.Release|iPhone.ActiveCfg = Release|iPhone
		{7FC52517-0E99-44AC-B679-F239E229ADBD}.Release|iPhone.Build.0 = Release|iPhone
		{7FC52517-0E99-44AC-B679-F239E229ADBD}.Release|iPhoneSimulator.ActiveCfg = Release|iPhoneSimulator
		{7FC52517-0E99-44AC-B679-F239E229ADBD}.Release|iPhoneSimulator.Build.0 = Release|iPhoneSimulator
		{731B6BD6-0B8B-4E13-8106-18B2040372A2}.Debug|Any CPU.ActiveCfg = Debug|Any CPU
		{731B6BD6-0B8B-4E13-8106-18B2040372A2}.Debug|Any CPU.Build.0 = Debug|Any CPU
		{731B6BD6-0B8B-4E13-8106-18B2040372A2}.Debug|iPhone.ActiveCfg = Debug|Any CPU
		{731B6BD6-0B8B-4E13-8106-18B2040372A2}.Debug|iPhone.Build.0 = Debug|Any CPU
		{731B6BD6-0B8B-4E13-8106-18B2040372A2}.Debug|iPhoneSimulator.ActiveCfg = Debug|Any CPU
		{731B6BD6-0B8B-4E13-8106-18B2040372A2}.Debug|iPhoneSimulator.Build.0 = Debug|Any CPU
		{731B6BD6-0B8B-4E13-8106-18B2040372A2}.Release|Any CPU.ActiveCfg = Release|Any CPU
		{731B6BD6-0B8B-4E13-8106-18B2040372A2}.Release|Any CPU.Build.0 = Release|Any CPU
		{731B6BD6-0B8B-4E13-8106-18B2040372A2}.Release|iPhone.ActiveCfg = Release|Any CPU
		{731B6BD6-0B8B-4E13-8106-18B2040372A2}.Release|iPhone.Build.0 = Release|Any CPU
		{731B6BD6-0B8B-4E13-8106-18B2040372A2}.Release|iPhoneSimulator.ActiveCfg = Release|Any CPU
		{731B6BD6-0B8B-4E13-8106-18B2040372A2}.Release|iPhoneSimulator.Build.0 = Release|Any CPU
	EndGlobalSection
	GlobalSection(SolutionProperties) = preSolution
		HideSolutionNode = FALSE
	EndGlobalSection
	GlobalSection(ExtensibilityGlobals) = postSolution
		SolutionGuid = {2B7AF087-68D5-4C2D-81D9-CDC6B2B74E8E}
	EndGlobalSection
EndGlobal
